
Microsoft Visual Studio Solution File, Format Version 10.00
# Visual Studio 2008
Project("{8BC9CEB8-8B4A-11D0-8D11-00A0C91BC942}") = "libscws", "libscws.vcproj", "{893E9BEE-1010-4CDD-BD3B-F9B33DCC02EF}"
EndProject
Project("{8BC9CEB8-8B4A-11D0-8D11-00A0C91BC942}") = "scws", "scws.vcproj", "{5A97F474-271E-4899-809F-D76CD20B8E44}"
	ProjectSection(ProjectDependencies) = postProject
		{893E9BEE-1010-4CDD-BD3B-F9B33DCC02EF} = {893E9BEE-1010-4CDD-BD3B-F9B33DCC02EF}
	EndProjectSection
EndProject
Global
	GlobalSection(SolutionConfigurationPlatforms) = preSolution
		Debug_PHP53|Win32 = Debug_PHP53|Win32
		Debug|Win32 = Debug|Win32
		NonTS_PHP53|Win32 = NonTS_PHP53|Win32
		NonTS_PHP54|Win32 = NonTS_PHP54|Win32
		Release_PHP53|Win32 = Release_PHP53|Win32
		Release_PHP54|Win32 = Release_PHP54|Win32
		Release|Win32 = Release|Win32
	EndGlobalSection
	GlobalSection(ProjectConfigurationPlatforms) = postSolution
		{893E9BEE-1010-4CDD-BD3B-F9B33DCC02EF}.Debug_PHP53|Win32.ActiveCfg = Debug|Win32
		{893E9BEE-1010-4CDD-BD3B-F9B33DCC02EF}.Debug_PHP53|Win32.Build.0 = Debug|Win32
		{893E9BEE-1010-4CDD-BD3B-F9B33DCC02EF}.Debug|Win32.ActiveCfg = Debug|Win32
		{893E9BEE-1010-4CDD-BD3B-F9B33DCC02EF}.Debug|Win32.Build.0 = Debug|Win32
		{893E9BEE-1010-4CDD-BD3B-F9B33DCC02EF}.NonTS_PHP53|Win32.ActiveCfg = Release|Win32
		{893E9BEE-1010-4CDD-BD3B-F9B33DCC02EF}.NonTS_PHP53|Win32.Build.0 = Release|Win32
		{893E9BEE-1010-4CDD-BD3B-F9B33DCC02EF}.NonTS_PHP54|Win32.ActiveCfg = Release|Win32
		{893E9BEE-1010-4CDD-BD3B-F9B33DCC02EF}.NonTS_PHP54|Win32.Build.0 = Release|Win32
		{893E9BEE-1010-4CDD-BD3B-F9B33DCC02EF}.Release_PHP53|Win32.ActiveCfg = Release|Win32
		{893E9BEE-1010-4CDD-BD3B-F9B33DCC02EF}.Release_PHP53|Win32.Build.0 = Release|Win32
		{893E9BEE-1010-4CDD-BD3B-F9B33DCC02EF}.Release_PHP54|Win32.ActiveCfg = Release|Win32
		{893E9BEE-1010-4CDD-BD3B-F9B33DCC02EF}.Release_PHP54|Win32.Build.0 = Release|Win32
		{893E9BEE-1010-4CDD-BD3B-F9B33DCC02EF}.Release|Win32.ActiveCfg = Release|Win32
		{893E9BEE-1010-4CDD-BD3B-F9B33DCC02EF}.Release|Win32.Build.0 = Release|Win32
		{5A97F474-271E-4899-809F-D76CD20B8E44}.Debug_PHP53|Win32.ActiveCfg = Debug_PHP53|Win32
		{5A97F474-271E-4899-809F-D76CD20B8E44}.Debug_PHP53|Win32.Build.0 = Debug_PHP53|Win32
		{5A97F474-271E-4899-809F-D76CD20B8E44}.Debug|Win32.ActiveCfg = Debug_PHP53|Win32
		{5A97F474-271E-4899-809F-D76CD20B8E44}.Debug|Win32.Build.0 = Debug_PHP53|Win32
		{5A97F474-271E-4899-809F-D76CD20B8E44}.NonTS_PHP53|Win32.ActiveCfg = NonTS_PHP53|Win32
		{5A97F474-271E-4899-809F-D76CD20B8E44}.NonTS_PHP53|Win32.Build.0 = NonTS_PHP53|Win32
		{5A97F474-271E-4899-809F-D76CD20B8E44}.NonTS_PHP54|Win32.ActiveCfg = NonTS_PHP54|Win32
		{5A97F474-271E-4899-809F-D76CD20B8E44}.NonTS_PHP54|Win32.Build.0 = NonTS_PHP54|Win32
		{5A97F474-271E-4899-809F-D76CD20B8E44}.Release_PHP53|Win32.ActiveCfg = Release_PHP53|Win32
		{5A97F474-271E-4899-809F-D76CD20B8E44}.Release_PHP53|Win32.Build.0 = Release_PHP53|Win32
		{5A97F474-271E-4899-809F-D76CD20B8E44}.Release_PHP54|Win32.ActiveCfg = Release_PHP54|Win32
		{5A97F474-271E-4899-809F-D76CD20B8E44}.Release_PHP54|Win32.Build.0 = Release_PHP54|Win32
		{5A97F474-271E-4899-809F-D76CD20B8E44}.Release|Win32.ActiveCfg = Release_PHP53|Win32
		{5A97F474-271E-4899-809F-D76CD20B8E44}.Release|Win32.Build.0 = Release_PHP53|Win32
	EndGlobalSection
	GlobalSection(SolutionProperties) = preSolution
		HideSolutionNode = FALSE
	EndGlobalSection
EndGlobal
